
Microsoft Visual Studio Solution File, Format Version 12.00
# Visual Studio Version 16
VisualStudioVersion = 16.0.31605.320
MinimumVisualStudioVersion = 10.0.40219.1
Project("{FAE04EC0-301F-11D3-BF4B-00C04F79EFBC}") = "persnalPG", "persnalPG\persnalPG.csproj", "{2D36D4B2-B522-49A5-81FF-EF574794B288}"
EndProject
Global
	GlobalSection(SolutionConfigurationPlatforms) = preSolution
		Debug|Any CPU = Debug|Any CPU
		Release|Any CPU = Release|Any CPU
	EndGlobalSection
	GlobalSection(ProjectConfigurationPlatforms) = postSolution
		{2D36D4B2-B522-49A5-81FF-EF574794B288}.Debug|Any CPU.ActiveCfg = Debug|Any CPU
		{2D36D4B2-B522-49A5-81FF-EF574794B288}.Debug|Any CPU.Build.0 = Debug|Any CPU
		{2D36D4B2-B522-49A5-81FF-EF574794B288}.Release|Any CPU.ActiveCfg = Release|Any CPU
		{2D36D4B2-B522-49A5-81FF-EF574794B288}.Release|Any CPU.Build.0 = Release|Any CPU
	EndGlobalSection
	GlobalSection(SolutionProperties) = preSolution
		HideSolutionNode = FALSE
	EndGlobalSection
	GlobalSection(ExtensibilityGlobals) = postSolution
		SolutionGuid = {392CD88E-5195-4DD4-9FC3-699585489E9D}
	EndGlobalSection
EndGlobal
